<?xml version="1.0" encoding="utf-8"?>
<Project ToolsVersion="4.0" xmlns="http://schemas.microsoft.com/developer/msbuild/2003">
  <ItemGroup>
    <Filter Include="Source Files">
      <UniqueIdentifier>{4FC737F1-C7A5-4376-A066-2A32D752A2FF}</UniqueIdentifier>
      <Extensions>cpp;c;cc;cxx;c++;cppm;ixx;def;odl;idl;hpj;bat;asm;asmx</Extensions>
    </Filter>
    <Filter Include="Header Files">
      <UniqueIdentifier>{93995380-89BD-4b04-88EB-625FBE52EBFB}</UniqueIdentifier>
      <Extensions>h;hh;hpp;hxx;h++;hm;inl;inc;ipp;xsd</Extensions>
    </Filter>
    <Filter Include="Resource Files">
      <UniqueIdentifier>{67DA6AB6-F800-4c08-8B7A-83BB121AAD01}</UniqueIdentifier>
      <Extensions>rc;ico;cur;bmp;dlg;rc2;rct;bin;rgs;gif;jpg;jpeg;jpe;resx;tiff;tif;png;wav;mfcribbon-ms</Extensions>
    </Filter>
  </ItemGroup>
  <ItemGroup>
    <ClCompile Include="Source.cpp">
      <Filter>Source Files</Filter>
    </ClCompile>
    <ClCompile Include="Array.cpp">
      <Filter>Source Files</Filter>
    </ClCompile>
    <ClCompile Include="Queue.cpp">
      <Filter>Source Files</Filter>
    </ClCompile>
    <ClCompile Include="Stack.cpp">
      <Filter>Source Files</Filter>
    </ClCompile>
    <ClCompile Include="LinkedList.cpp">
      <Filter>Source Files</Filter>
    </ClCompile>
    <ClCompile Include="Hash.cpp">
      <Filter>Source Files</Filter>
    </ClCompile>
  </ItemGroup>
  <ItemGroup>
    <ClInclude Include="Array.h">
      <Filter>Header Files</Filter>
    </ClInclude>
    <ClInclude Include="Queue.h">
      <Filter>Header Files</Filter>
    </ClInclude>
    <ClInclude Include="Stack.h">
      <Filter>Header Files</Filter>
    </ClInclude>
    <ClInclude Include="Node.h">
      <Filter>Header Files</Filter>
    </ClInclude>
    <ClInclude Include="LinkedList.h">
      <Filter>Header Files</Filter>
    </ClInclude>
    <ClInclude Include="Hash.h">
      <Filter>Header Files</Filter>
    </ClInclude>
  </ItemGroup>
  <ItemGroup>
    <Image Include="C:\Users\Ibz\Pictures\Images\apple-18.gif">
      <Filter>Resource Files</Filter>
    </Image>
  </ItemGroup>
  <ItemGroup>
    <None Include="C:\Users\Ibz\Pictures\Images\apple-18_1.pgm">
      <Filter>Resource Files</Filter>
    </None>
    <None Include="C:\Users\Ibz\Pictures\Images\apple-18.pgm">
      <Filter>Resource Files</Filter>
    </None>
    <None Include="C:\Users\Ibz\Downloads\butterfly-4.pgm">
      <Filter>Source Files</Filter>
    </None>
    <None Include="Apple-1.pgm">
      <Filter>Source Files</Filter>
    </None>
    <None Include="Butterfly-1.pgm">
      <Filter>Source Files</Filter>
    </None>
    <None Include="Image database\image016.pgm">
      <Filter>Resource Files</Filter>
    </None>
    <None Include="Image database\image017.pgm">
      <Filter>Resource Files</Filter>
    </None>
    <None Include="Image database\image018.pgm">
      <Filter>Resource Files</Filter>
    </None>
    <None Include="Image database\image019.pgm">
      <Filter>Resource Files</Filter>
    </None>
    <None Include="Image database\image020.pgm">
      <Filter>Resource Files</Filter>
    </None>
    <None Include="Image database\image021.pgm">
      <Filter>Resource Files</Filter>
    </None>
    <None Include="Image database\image022.pgm">
      <Filter>Resource Files</Filter>
    </None>
    <None Include="Image database\image023.pgm">
      <Filter>Resource Files</Filter>
    </None>
    <None Include="Image database\image024.pgm">
      <Filter>Resource Files</Filter>
    </None>
    <None Include="Image database\image025.pgm">
      <Filter>Resource Files</Filter>
    </None>
    <None Include="Image database\image026.pgm">
      <Filter>Resource Files</Filter>
    </None>
    <None Include="Image database\image027.pgm">
      <Filter>Resource Files</Filter>
    </None>
    <None Include="Image database\image028.pgm">
      <Filter>Resource Files</Filter>
    </None>
    <None Include="Image database\image029.pgm">
      <Filter>Resource Files</Filter>
    </None>
    <None Include="Image database\image030.pgm">
      <Filter>Resource Files</Filter>
    </None>
    <None Include="Image database\image031.pgm">
      <Filter>Resource Files</Filter>
    </None>
    <None Include="Image database\image032.pgm">
      <Filter>Resource Files</Filter>
    </None>
    <None Include="Image database\image033.pgm">
      <Filter>Resource Files</Filter>
    </None>
    <None Include="Image database\image034.pgm">
      <Filter>Resource Files</Filter>
    </None>
    <None Include="Image database\image035.pgm">
      <Filter>Resource Files</Filter>
    </None>
    <None Include="Image database\image036.pgm">
      <Filter>Resource Files</Filter>
    </None>
    <None Include="Image database\image037.pgm">
      <Filter>Resource Files</Filter>
    </None>
    <None Include="Image database\image038.pgm">
      <Filter>Resource Files</Filter>
    </None>
    <None Include="Image database\image039.pgm">
      <Filter>Resource Files</Filter>
    </None>
    <None Include="Image database\image040.pgm">
      <Filter>Resource Files</Filter>
    </None>
    <None Include="Image database\image041.pgm">
      <Filter>Resource Files</Filter>
    </None>
    <None Include="Image database\image042.pgm">
      <Filter>Resource Files</Filter>
    </None>
    <None Include="Image database\image043.pgm">
      <Filter>Resource Files</Filter>
    </None>
    <None Include="Image database\image044.pgm">
      <Filter>Resource Files</Filter>
    </None>
    <None Include="Image database\image045.pgm">
      <Filter>Resource Files</Filter>
    </None>
    <None Include="Image database\image046.pgm">
      <Filter>Resource Files</Filter>
    </None>
    <None Include="Image database\image047.pgm">
      <Filter>Resource Files</Filter>
    </None>
    <None Include="Image database\image048.pgm">
      <Filter>Resource Files</Filter>
    </None>
    <None Include="Image database\image049.pgm">
      <Filter>Resource Files</Filter>
    </None>
    <None Include="Image database\image050.pgm">
      <Filter>Resource Files</Filter>
    </None>
    <None Include="Image database\image051.pgm">
      <Filter>Resource Files</Filter>
    </None>
    <None Include="Image database\image052.pgm">
      <Filter>Resource Files</Filter>
    </None>
    <None Include="Image database\image053.pgm">
      <Filter>Resource Files</Filter>
    </None>
    <None Include="Image database\image054.pgm">
      <Filter>Resource Files</Filter>
    </None>
    <None Include="Image database\image055.pgm">
      <Filter>Resource Files</Filter>
    </None>
    <None Include="Image database\image056.pgm">
      <Filter>Resource Files</Filter>
    </None>
    <None Include="Image database\image057.pgm">
      <Filter>Resource Files</Filter>
    </None>
    <None Include="Image database\image058.pgm">
      <Filter>Resource Files</Filter>
    </None>
    <None Include="Image database\image059.pgm">
      <Filter>Resource Files</Filter>
    </None>
    <None Include="Image database\image060.pgm">
      <Filter>Resource Files</Filter>
    </None>
    <None Include="Image database\image061.pgm">
      <Filter>Resource Files</Filter>
    </None>
    <None Include="Image database\image062.pgm">
      <Filter>Resource Files</Filter>
    </None>
    <None Include="Image database\image063.pgm">
      <Filter>Resource Files</Filter>
    </None>
    <None Include="Image database\image064.pgm">
      <Filter>Resource Files</Filter>
    </None>
    <None Include="Image database\image065.pgm">
      <Filter>Resource Files</Filter>
    </None>
    <None Include="Image database\image066.pgm">
      <Filter>Resource Files</Filter>
    </None>
    <None Include="Image database\image067.pgm">
      <Filter>Resource Files</Filter>
    </None>
    <None Include="Image database\image068.pgm">
      <Filter>Resource Files</Filter>
    </None>
    <None Include="Image database\image069.pgm">
      <Filter>Resource Files</Filter>
    </None>
    <None Include="Image database\image070.pgm">
      <Filter>Resource Files</Filter>
    </None>
    <None Include="Image database\image071.pgm">
      <Filter>Resource Files</Filter>
    </None>
    <None Include="Image database\image072.pgm">
      <Filter>Resource Files</Filter>
    </None>
    <None Include="Image database\image073.pgm">
      <Filter>Resource Files</Filter>
    </None>
    <None Include="Image database\image074.pgm">
      <Filter>Resource Files</Filter>
    </None>
    <None Include="Image database\image075.pgm">
      <Filter>Resource Files</Filter>
    </None>
    <None Include="Image database\image076.pgm">
      <Filter>Resource Files</Filter>
    </None>
    <None Include="Image database\image077.pgm">
      <Filter>Resource Files</Filter>
    </None>
    <None Include="Image database\image078.pgm">
      <Filter>Resource Files</Filter>
    </None>
    <None Include="Image database\image079.pgm">
      <Filter>Resource Files</Filter>
    </None>
    <None Include="Image database\image080.pgm">
      <Filter>Resource Files</Filter>
    </None>
    <None Include="Image database\image081.pgm">
      <Filter>Resource Files</Filter>
    </None>
    <None Include="Image database\image082.pgm">
      <Filter>Resource Files</Filter>
    </None>
    <None Include="Image database\image083.pgm">
      <Filter>Resource Files</Filter>
    </None>
    <None Include="Image database\image084.pgm">
      <Filter>Resource Files</Filter>
    </None>
    <None Include="Image database\image085.pgm">
      <Filter>Resource Files</Filter>
    </None>
    <None Include="Image database\image086.pgm">
      <Filter>Resource Files</Filter>
    </None>
    <None Include="Image database\image087.pgm">
      <Filter>Resource Files</Filter>
    </None>
    <None Include="Image database\image088.pgm">
      <Filter>Resource Files</Filter>
    </None>
    <None Include="Image database\image089.pgm">
      <Filter>Resource Files</Filter>
    </None>
    <None Include="Image database\image090.pgm">
      <Filter>Resource Files</Filter>
    </None>
    <None Include="Image database\image091.pgm">
      <Filter>Resource Files</Filter>
    </None>
    <None Include="Image database\image092.pgm">
      <Filter>Resource Files</Filter>
    </None>
    <None Include="Image database\image093.pgm">
      <Filter>Resource Files</Filter>
    </None>
    <None Include="Image database\image094.pgm">
      <Filter>Resource Files</Filter>
    </None>
    <None Include="Image database\image095.pgm">
      <Filter>Resource Files</Filter>
    </None>
    <None Include="Image database\image096.pgm">
      <Filter>Resource Files</Filter>
    </None>
    <None Include="Image database\image097.pgm">
      <Filter>Resource Files</Filter>
    </None>
    <None Include="Image database\image098.pgm">
      <Filter>Resource Files</Filter>
    </None>
    <None Include="Image database\image099.pgm">
      <Filter>Resource Files</Filter>
    </None>
    <None Include="Image database\image100.pgm">
      <Filter>Resource Files</Filter>
    </None>
    <None Include="Image database\image101.pgm">
      <Filter>Resource Files</Filter>
    </None>
    <None Include="Image database\image102.pgm">
      <Filter>Resource Files</Filter>
    </None>
    <None Include="Image database\image103.pgm">
      <Filter>Resource Files</Filter>
    </None>
    <None Include="Image database\image104.pgm">
      <Filter>Resource Files</Filter>
    </None>
    <None Include="Image database\image105.pgm">
      <Filter>Resource Files</Filter>
    </None>
    <None Include="Image database\image106.pgm">
      <Filter>Resource Files</Filter>
    </None>
    <None Include="Image database\image107.pgm">
      <Filter>Resource Files</Filter>
    </None>
    <None Include="Image database\image108.pgm">
      <Filter>Resource Files</Filter>
    </None>
    <None Include="Image database\image109.pgm">
      <Filter>Resource Files</Filter>
    </None>
    <None Include="Image database\image110.pgm">
      <Filter>Resource Files</Filter>
    </None>
    <None Include="Image database\image111.pgm">
      <Filter>Resource Files</Filter>
    </None>
    <None Include="Image database\image112.pgm">
      <Filter>Resource Files</Filter>
    </None>
    <None Include="Image database\image113.pgm">
      <Filter>Resource Files</Filter>
    </None>
    <None Include="Image database\image114.pgm">
      <Filter>Resource Files</Filter>
    </None>
    <None Include="Image database\image115.pgm">
      <Filter>Resource Files</Filter>
    </None>
    <None Include="Image database\image116.pgm">
      <Filter>Resource Files</Filter>
    </None>
    <None Include="Image database\image117.pgm">
      <Filter>Resource Files</Filter>
    </None>
    <None Include="Image database\image118.pgm">
      <Filter>Resource Files</Filter>
    </None>
    <None Include="Image database\image119.pgm">
      <Filter>Resource Files</Filter>
    </None>
    <None Include="Image database\image120.pgm">
      <Filter>Resource Files</Filter>
    </None>
    <None Include="Image database\image121.pgm">
      <Filter>Resource Files</Filter>
    </None>
    <None Include="Image database\image122.pgm">
      <Filter>Resource Files</Filter>
    </None>
    <None Include="Image database\image123.pgm">
      <Filter>Resource Files</Filter>
    </None>
    <None Include="Image database\image124.pgm">
      <Filter>Resource Files</Filter>
    </None>
    <None Include="Image database\image125.pgm">
      <Filter>Resource Files</Filter>
    </None>
    <None Include="Image database\image126.pgm">
      <Filter>Resource Files</Filter>
    </None>
    <None Include="Image database\image127.pgm">
      <Filter>Resource Files</Filter>
    </None>
    <None Include="Image database\image128.pgm">
      <Filter>Resource Files</Filter>
    </None>
    <None Include="Image database\image129.pgm">
      <Filter>Resource Files</Filter>
    </None>
    <None Include="Image database\image130.pgm">
      <Filter>Resource Files</Filter>
    </None>
    <None Include="Image database\image131.pgm">
      <Filter>Resource Files</Filter>
    </None>
    <None Include="Image database\image132.pgm">
      <Filter>Resource Files</Filter>
    </None>
    <None Include="Image database\image133.pgm">
      <Filter>Resource Files</Filter>
    </None>
    <None Include="Image database\image134.pgm">
      <Filter>Resource Files</Filter>
    </None>
    <None Include="Image database\image135.pgm">
      <Filter>Resource Files</Filter>
    </None>
    <None Include="Image database\image136.pgm">
      <Filter>Resource Files</Filter>
    </None>
    <None Include="Image database\image137.pgm">
      <Filter>Resource Files</Filter>
    </None>
    <None Include="Image database\image138.pgm">
      <Filter>Resource Files</Filter>
    </None>
    <None Include="Image database\image139.pgm">
      <Filter>Resource Files</Filter>
    </None>
    <None Include="Image database\image140.pgm">
      <Filter>Resource Files</Filter>
    </None>
    <None Include="Image database\image141.pgm">
      <Filter>Resource Files</Filter>
    </None>
    <None Include="Image database\image142.pgm">
      <Filter>Resource Files</Filter>
    </None>
    <None Include="Image database\image143.pgm">
      <Filter>Resource Files</Filter>
    </None>
    <None Include="Image database\image144.pgm">
      <Filter>Resource Files</Filter>
    </None>
    <None Include="Image database\image145.pgm">
      <Filter>Resource Files</Filter>
    </None>
    <None Include="Image database\image146.pgm">
      <Filter>Resource Files</Filter>
    </None>
    <None Include="Image database\image147.pgm">
      <Filter>Resource Files</Filter>
    </None>
    <None Include="Image database\image148.pgm">
      <Filter>Resource Files</Filter>
    </None>
    <None Include="Image database\image149.pgm">
      <Filter>Resource Files</Filter>
    </None>
    <None Include="Image database\image150.pgm">
      <Filter>Resource Files</Filter>
    </None>
    <None Include="Image database\image151.pgm">
      <Filter>Resource Files</Filter>
    </None>
    <None Include="Image database\image152.pgm">
      <Filter>Resource Files</Filter>
    </None>
    <None Include="Image database\image153.pgm">
      <Filter>Resource Files</Filter>
    </None>
    <None Include="Image database\image154.pgm">
      <Filter>Resource Files</Filter>
    </None>
    <None Include="Image database\image155.pgm">
      <Filter>Resource Files</Filter>
    </None>
    <None Include="Image database\image156.pgm">
      <Filter>Resource Files</Filter>
    </None>
    <None Include="Image database\image157.pgm">
      <Filter>Resource Files</Filter>
    </None>
    <None Include="Image database\image158.pgm">
      <Filter>Resource Files</Filter>
    </None>
    <None Include="Image database\image159.pgm">
      <Filter>Resource Files</Filter>
    </None>
    <None Include="Image database\image160.pgm">
      <Filter>Resource Files</Filter>
    </None>
    <None Include="Image database\image161.pgm">
      <Filter>Resource Files</Filter>
    </None>
    <None Include="Image database\image162.pgm">
      <Filter>Resource Files</Filter>
    </None>
    <None Include="Image database\image163.pgm">
      <Filter>Resource Files</Filter>
    </None>
    <None Include="Image database\image164.pgm">
      <Filter>Resource Files</Filter>
    </None>
    <None Include="Image database\image165.pgm">
      <Filter>Resource Files</Filter>
    </None>
    <None Include="Image database\image166.pgm">
      <Filter>Resource Files</Filter>
    </None>
    <None Include="Image database\image167.pgm">
      <Filter>Resource Files</Filter>
    </None>
    <None Include="Image database\image168.pgm">
      <Filter>Resource Files</Filter>
    </None>
    <None Include="Image database\image169.pgm">
      <Filter>Resource Files</Filter>
    </None>
    <None Include="Image database\image170.pgm">
      <Filter>Resource Files</Filter>
    </None>
    <None Include="Image database\image171.pgm">
      <Filter>Resource Files</Filter>
    </None>
    <None Include="Image database\image172.pgm">
      <Filter>Resource Files</Filter>
    </None>
    <None Include="Image database\image173.pgm">
      <Filter>Resource Files</Filter>
    </None>
    <None Include="Image database\image174.pgm">
      <Filter>Resource Files</Filter>
    </None>
    <None Include="Image database\image175.pgm">
      <Filter>Resource Files</Filter>
    </None>
    <None Include="Image database\image176.pgm">
      <Filter>Resource Files</Filter>
    </None>
    <None Include="Image database\image177.pgm">
      <Filter>Resource Files</Filter>
    </None>
    <None Include="Image database\image178.pgm">
      <Filter>Resource Files</Filter>
    </None>
    <None Include="Image database\image179.pgm">
      <Filter>Resource Files</Filter>
    </None>
    <None Include="Image database\image180.pgm">
      <Filter>Resource Files</Filter>
    </None>
    <None Include="Image database\image181.pgm">
      <Filter>Resource Files</Filter>
    </None>
    <None Include="Image database\image182.pgm">
      <Filter>Resource Files</Filter>
    </None>
    <None Include="Image database\image183.pgm">
      <Filter>Resource Files</Filter>
    </None>
    <None Include="Image database\image184.pgm">
      <Filter>Resource Files</Filter>
    </None>
    <None Include="Image database\image185.pgm">
      <Filter>Resource Files</Filter>
    </None>
    <None Include="Image database\image186.pgm">
      <Filter>Resource Files</Filter>
    </None>
    <None Include="Image database\image187.pgm">
      <Filter>Resource Files</Filter>
    </None>
    <None Include="Image database\image188.pgm">
      <Filter>Resource Files</Filter>
    </None>
    <None Include="Image database\image189.pgm">
      <Filter>Resource Files</Filter>
    </None>
    <None Include="Image database\image190.pgm">
      <Filter>Resource Files</Filter>
    </None>
    <None Include="Image database\image191.pgm">
      <Filter>Resource Files</Filter>
    </None>
    <None Include="Image database\image192.pgm">
      <Filter>Resource Files</Filter>
    </None>
    <None Include="Image database\image193.pgm">
      <Filter>Resource Files</Filter>
    </None>
    <None Include="Image database\image194.pgm">
      <Filter>Resource Files</Filter>
    </None>
    <None Include="Image database\image195.pgm">
      <Filter>Resource Files</Filter>
    </None>
    <None Include="Image database\image196.pgm">
      <Filter>Resource Files</Filter>
    </None>
    <None Include="Image database\image197.pgm">
      <Filter>Resource Files</Filter>
    </None>
    <None Include="Image database\image198.pgm">
      <Filter>Resource Files</Filter>
    </None>
    <None Include="Image database\image199.pgm">
      <Filter>Resource Files</Filter>
    </None>
    <None Include="Image database\image200.pgm">
      <Filter>Resource Files</Filter>
    </None>
    <None Include="Image database\image201.pgm">
      <Filter>Resource Files</Filter>
    </None>
    <None Include="Image database\image202.pgm">
      <Filter>Resource Files</Filter>
    </None>
    <None Include="Image database\image203.pgm">
      <Filter>Resource Files</Filter>
    </None>
    <None Include="Image database\image204.pgm">
      <Filter>Resource Files</Filter>
    </None>
    <None Include="Image database\image205.pgm">
      <Filter>Resource Files</Filter>
    </None>
    <None Include="Image database\image206.pgm">
      <Filter>Resource Files</Filter>
    </None>
    <None Include="Image database\image207.pgm">
      <Filter>Resource Files</Filter>
    </None>
    <None Include="Image database\image208.pgm">
      <Filter>Resource Files</Filter>
    </None>
    <None Include="Image database\image209.pgm">
      <Filter>Resource Files</Filter>
    </None>
    <None Include="Image database\image210.pgm">
      <Filter>Resource Files</Filter>
    </None>
    <None Include="Image database\image211.pgm">
      <Filter>Resource Files</Filter>
    </None>
    <None Include="Image database\image212.pgm">
      <Filter>Resource Files</Filter>
    </None>
    <None Include="Image database\image213.pgm">
      <Filter>Resource Files</Filter>
    </None>
    <None Include="Image database\image214.pgm">
      <Filter>Resource Files</Filter>
    </None>
    <None Include="Image database\image215.pgm">
      <Filter>Resource Files</Filter>
    </None>
    <None Include="Image database\image216.pgm">
      <Filter>Resource Files</Filter>
    </None>
    <None Include="Image database\image217.pgm">
      <Filter>Resource Files</Filter>
    </None>
    <None Include="Image database\image218.pgm">
      <Filter>Resource Files</Filter>
    </None>
    <None Include="Image database\image219.pgm">
      <Filter>Resource Files</Filter>
    </None>
    <None Include="Image database\image220.pgm">
      <Filter>Resource Files</Filter>
    </None>
    <None Include="Image database\image221.pgm">
      <Filter>Resource Files</Filter>
    </None>
    <None Include="Image database\image222.pgm">
      <Filter>Resource Files</Filter>
    </None>
    <None Include="Image database\image223.pgm">
      <Filter>Resource Files</Filter>
    </None>
    <None Include="Image database\image224.pgm">
      <Filter>Resource Files</Filter>
    </None>
    <None Include="Image database\image225.pgm">
      <Filter>Resource Files</Filter>
    </None>
    <None Include="Image database\image226.pgm">
      <Filter>Resource Files</Filter>
    </None>
    <None Include="Image database\image227.pgm">
      <Filter>Resource Files</Filter>
    </None>
    <None Include="Image database\image228.pgm">
      <Filter>Resource Files</Filter>
    </None>
    <None Include="Image database\image229.pgm">
      <Filter>Resource Files</Filter>
    </None>
    <None Include="Image database\image230.pgm">
      <Filter>Resource Files</Filter>
    </None>
    <None Include="Image database\image231.pgm">
      <Filter>Resource Files</Filter>
    </None>
    <None Include="Image database\image232.pgm">
      <Filter>Resource Files</Filter>
    </None>
    <None Include="Image database\image233.pgm">
      <Filter>Resource Files</Filter>
    </None>
    <None Include="Image database\image234.pgm">
      <Filter>Resource Files</Filter>
    </None>
    <None Include="Image database\image235.pgm">
      <Filter>Resource Files</Filter>
    </None>
    <None Include="Image database\image236.pgm">
      <Filter>Resource Files</Filter>
    </None>
    <None Include="Image database\image237.pgm">
      <Filter>Resource Files</Filter>
    </None>
    <None Include="Image database\image238.pgm">
      <Filter>Resource Files</Filter>
    </None>
    <None Include="Image database\image239.pgm">
      <Filter>Resource Files</Filter>
    </None>
    <None Include="Image database\image240.pgm">
      <Filter>Resource Files</Filter>
    </None>
    <None Include="Image database\image241.pgm">
      <Filter>Resource Files</Filter>
    </None>
    <None Include="Image database\image242.pgm">
      <Filter>Resource Files</Filter>
    </None>
    <None Include="Image database\image243.pgm">
      <Filter>Resource Files</Filter>
    </None>
    <None Include="Image database\image244.pgm">
      <Filter>Resource Files</Filter>
    </None>
    <None Include="Image database\image245.pgm">
      <Filter>Resource Files</Filter>
    </None>
    <None Include="Image database\image246.pgm">
      <Filter>Resource Files</Filter>
    </None>
    <None Include="Image database\image247.pgm">
      <Filter>Resource Files</Filter>
    </None>
    <None Include="Image database\image248.pgm">
      <Filter>Resource Files</Filter>
    </None>
    <None Include="Image database\image249.pgm">
      <Filter>Resource Files</Filter>
    </None>
    <None Include="Image database\image250.pgm">
      <Filter>Resource Files</Filter>
    </None>
    <None Include="Image database\image251.pgm">
      <Filter>Resource Files</Filter>
    </None>
    <None Include="Image database\image252.pgm">
      <Filter>Resource Files</Filter>
    </None>
    <None Include="Image database\image253.pgm">
      <Filter>Resource Files</Filter>
    </None>
    <None Include="Image database\image254.pgm">
      <Filter>Resource Files</Filter>
    </None>
    <None Include="Image database\image255.pgm">
      <Filter>Resource Files</Filter>
    </None>
    <None Include="Image database\image256.pgm">
      <Filter>Resource Files</Filter>
    </None>
    <None Include="Image database\image257.pgm">
      <Filter>Resource Files</Filter>
    </None>
    <None Include="Image database\image258.pgm">
      <Filter>Resource Files</Filter>
    </None>
    <None Include="Image database\image259.pgm">
      <Filter>Resource Files</Filter>
    </None>
    <None Include="Image database\image260.pgm">
      <Filter>Resource Files</Filter>
    </None>
    <None Include="Image database\image261.pgm">
      <Filter>Resource Files</Filter>
    </None>
    <None Include="Image database\image262.pgm">
      <Filter>Resource Files</Filter>
    </None>
    <None Include="Image database\image263.pgm">
      <Filter>Resource Files</Filter>
    </None>
    <None Include="Image database\image264.pgm">
      <Filter>Resource Files</Filter>
    </None>
    <None Include="Image database\image265.pgm">
      <Filter>Resource Files</Filter>
    </None>
    <None Include="Image database\image266.pgm">
      <Filter>Resource Files</Filter>
    </None>
    <None Include="Image database\image267.pgm">
      <Filter>Resource Files</Filter>
    </None>
    <None Include="Image database\image268.pgm">
      <Filter>Resource Files</Filter>
    </None>
    <None Include="Image database\image269.pgm">
      <Filter>Resource Files</Filter>
    </None>
    <None Include="Image database\image270.pgm">
      <Filter>Resource Files</Filter>
    </None>
    <None Include="Image database\image271.pgm">
      <Filter>Resource Files</Filter>
    </None>
    <None Include="Image database\image272.pgm">
      <Filter>Resource Files</Filter>
    </None>
    <None Include="Image database\image273.pgm">
      <Filter>Resource Files</Filter>
    </None>
    <None Include="Image database\image274.pgm">
      <Filter>Resource Files</Filter>
    </None>
    <None Include="Image database\image275.pgm">
      <Filter>Resource Files</Filter>
    </None>
    <None Include="Image database\image276.pgm">
      <Filter>Resource Files</Filter>
    </None>
    <None Include="Image database\image277.pgm">
      <Filter>Resource Files</Filter>
    </None>
    <None Include="Image database\image278.pgm">
      <Filter>Resource Files</Filter>
    </None>
    <None Include="Image database\image279.pgm">
      <Filter>Resource Files</Filter>
    </None>
    <None Include="Image database\image280.pgm">
      <Filter>Resource Files</Filter>
    </None>
    <None Include="Image database\image281.pgm">
      <Filter>Resource Files</Filter>
    </None>
    <None Include="Image database\image282.pgm">
      <Filter>Resource Files</Filter>
    </None>
    <None Include="Image database\image283.pgm">
      <Filter>Resource Files</Filter>
    </None>
    <None Include="Image database\image284.pgm">
      <Filter>Resource Files</Filter>
    </None>
    <None Include="Image database\image285.pgm">
      <Filter>Resource Files</Filter>
    </None>
    <None Include="Image database\image286.pgm">
      <Filter>Resource Files</Filter>
    </None>
    <None Include="Image database\image287.pgm">
      <Filter>Resource Files</Filter>
    </None>
    <None Include="Image database\image288.pgm">
      <Filter>Resource Files</Filter>
    </None>
    <None Include="Image database\image289.pgm">
      <Filter>Resource Files</Filter>
    </None>
    <None Include="Image database\image290.pgm">
      <Filter>Resource Files</Filter>
    </None>
    <None Include="Image database\image291.pgm">
      <Filter>Resource Files</Filter>
    </None>
    <None Include="Image database\image292.pgm">
      <Filter>Resource Files</Filter>
    </None>
    <None Include="Image database\image293.pgm">
      <Filter>Resource Files</Filter>
    </None>
    <None Include="Image database\image294.pgm">
      <Filter>Resource Files</Filter>
    </None>
    <None Include="Image database\image295.pgm">
      <Filter>Resource Files</Filter>
    </None>
    <None Include="Image database\image296.pgm">
      <Filter>Resource Files</Filter>
    </None>
    <None Include="Image database\image297.pgm">
      <Filter>Resource Files</Filter>
    </None>
    <None Include="Image database\image298.pgm">
      <Filter>Resource Files</Filter>
    </None>
    <None Include="Image database\image299.pgm">
      <Filter>Resource Files</Filter>
    </None>
    <None Include="Image database\image300.pgm">
      <Filter>Resource Files</Filter>
    </None>
    <None Include="Image database\image301.pgm">
      <Filter>Resource Files</Filter>
    </None>
    <None Include="Image database\image302.pgm">
      <Filter>Resource Files</Filter>
    </None>
    <None Include="Image database\image303.pgm">
      <Filter>Resource Files</Filter>
    </None>
    <None Include="Image database\image304.pgm">
      <Filter>Resource Files</Filter>
    </None>
    <None Include="Image database\image305.pgm">
      <Filter>Resource Files</Filter>
    </None>
    <None Include="Image database\image306.pgm">
      <Filter>Resource Files</Filter>
    </None>
    <None Include="Image database\image307.pgm">
      <Filter>Resource Files</Filter>
    </None>
    <None Include="Image database\image308.pgm">
      <Filter>Resource Files</Filter>
    </None>
    <None Include="Image database\image309.pgm">
      <Filter>Resource Files</Filter>
    </None>
    <None Include="Image database\image310.pgm">
      <Filter>Resource Files</Filter>
    </None>
    <None Include="Image database\image311.pgm">
      <Filter>Resource Files</Filter>
    </None>
    <None Include="Image database\image312.pgm">
      <Filter>Resource Files</Filter>
    </None>
    <None Include="Image database\image313.pgm">
      <Filter>Resource Files</Filter>
    </None>
    <None Include="Image database\image314.pgm">
      <Filter>Resource Files</Filter>
    </None>
    <None Include="Image database\image315.pgm">
      <Filter>Resource Files</Filter>
    </None>
    <None Include="Image database\image316.pgm">
      <Filter>Resource Files</Filter>
    </None>
    <None Include="Image database\image317.pgm">
      <Filter>Resource Files</Filter>
    </None>
    <None Include="Image database\image318.pgm">
      <Filter>Resource Files</Filter>
    </None>
    <None Include="Image database\image319.pgm">
      <Filter>Resource Files</Filter>
    </None>
    <None Include="Image database\image320.pgm">
      <Filter>Resource Files</Filter>
    </None>
    <None Include="Image database\image321.pgm">
      <Filter>Resource Files</Filter>
    </None>
    <None Include="Image database\image322.pgm">
      <Filter>Resource Files</Filter>
    </None>
    <None Include="Image database\image323.pgm">
      <Filter>Resource Files</Filter>
    </None>
    <None Include="Image database\image324.pgm">
      <Filter>Resource Files</Filter>
    </None>
    <None Include="Image database\image325.pgm">
      <Filter>Resource Files</Filter>
    </None>
    <None Include="Image database\image326.pgm">
      <Filter>Resource Files</Filter>
    </None>
    <None Include="Image database\image327.pgm">
      <Filter>Resource Files</Filter>
    </None>
    <None Include="Image database\image328.pgm">
      <Filter>Resource Files</Filter>
    </None>
    <None Include="Image database\image329.pgm">
      <Filter>Resource Files</Filter>
    </None>
    <None Include="Image database\image330.pgm">
      <Filter>Resource Files</Filter>
    </None>
    <None Include="Image database\image331.pgm">
      <Filter>Resource Files</Filter>
    </None>
    <None Include="Image database\image332.pgm">
      <Filter>Resource Files</Filter>
    </None>
    <None Include="Image database\image333.pgm">
      <Filter>Resource Files</Filter>
    </None>
    <None Include="Image database\image334.pgm">
      <Filter>Resource Files</Filter>
    </None>
    <None Include="Image database\image335.pgm">
      <Filter>Resource Files</Filter>
    </None>
    <None Include="Image database\image336.pgm">
      <Filter>Resource Files</Filter>
    </None>
    <None Include="Image database\image337.pgm">
      <Filter>Resource Files</Filter>
    </None>
    <None Include="Image database\image338.pgm">
      <Filter>Resource Files</Filter>
    </None>
    <None Include="Image database\image339.pgm">
      <Filter>Resource Files</Filter>
    </None>
    <None Include="Image database\image340.pgm">
      <Filter>Resource Files</Filter>
    </None>
    <None Include="Image database\image341.pgm">
      <Filter>Resource Files</Filter>
    </None>
    <None Include="Image database\image342.pgm">
      <Filter>Resource Files</Filter>
    </None>
    <None Include="Image database\image343.pgm">
      <Filter>Resource Files</Filter>
    </None>
    <None Include="Image database\image344.pgm">
      <Filter>Resource Files</Filter>
    </None>
    <None Include="Image database\image345.pgm">
      <Filter>Resource Files</Filter>
    </None>
    <None Include="Image database\image346.pgm">
      <Filter>Resource Files</Filter>
    </None>
    <None Include="Image database\image347.pgm">
      <Filter>Resource Files</Filter>
    </None>
    <None Include="Image database\image348.pgm">
      <Filter>Resource Files</Filter>
    </None>
    <None Include="Image database\image349.pgm">
      <Filter>Resource Files</Filter>
    </None>
    <None Include="Image database\image350.pgm">
      <Filter>Resource Files</Filter>
    </None>
    <None Include="Image database\image351.pgm">
      <Filter>Resource Files</Filter>
    </None>
    <None Include="Image database\image352.pgm">
      <Filter>Resource Files</Filter>
    </None>
    <None Include="Image database\image353.pgm">
      <Filter>Resource Files</Filter>
    </None>
    <None Include="Image database\image354.pgm">
      <Filter>Resource Files</Filter>
    </None>
    <None Include="Image database\image355.pgm">
      <Filter>Resource Files</Filter>
    </None>
    <None Include="Image database\image356.pgm">
      <Filter>Resource Files</Filter>
    </None>
    <None Include="Image database\image357.pgm">
      <Filter>Resource Files</Filter>
    </None>
    <None Include="Image database\image358.pgm">
      <Filter>Resource Files</Filter>
    </None>
    <None Include="Image database\image359.pgm">
      <Filter>Resource Files</Filter>
    </None>
    <None Include="Image database\image360.pgm">
      <Filter>Resource Files</Filter>
    </None>
    <None Include="Image database\image361.pgm">
      <Filter>Resource Files</Filter>
    </None>
    <None Include="Image database\image362.pgm">
      <Filter>Resource Files</Filter>
    </None>
    <None Include="Image database\image363.pgm">
      <Filter>Resource Files</Filter>
    </None>
    <None Include="Image database\image364.pgm">
      <Filter>Resource Files</Filter>
    </None>
    <None Include="Image database\image365.pgm">
      <Filter>Resource Files</Filter>
    </None>
    <None Include="Image database\image366.pgm">
      <Filter>Resource Files</Filter>
    </None>
    <None Include="Image database\image367.pgm">
      <Filter>Resource Files</Filter>
    </None>
    <None Include="Image database\image368.pgm">
      <Filter>Resource Files</Filter>
    </None>
    <None Include="Image database\image369.pgm">
      <Filter>Resource Files</Filter>
    </None>
    <None Include="Image database\image370.pgm">
      <Filter>Resource Files</Filter>
    </None>
    <None Include="Image database\image371.pgm">
      <Filter>Resource Files</Filter>
    </None>
    <None Include="Image database\image372.pgm">
      <Filter>Resource Files</Filter>
    </None>
    <None Include="Image database\image373.pgm">
      <Filter>Resource Files</Filter>
    </None>
    <None Include="Image database\image374.pgm">
      <Filter>Resource Files</Filter>
    </None>
    <None Include="Image database\image375.pgm">
      <Filter>Resource Files</Filter>
    </None>
    <None Include="Image database\image376.pgm">
      <Filter>Resource Files</Filter>
    </None>
    <None Include="Image database\image377.pgm">
      <Filter>Resource Files</Filter>
    </None>
    <None Include="Image database\image378.pgm">
      <Filter>Resource Files</Filter>
    </None>
    <None Include="Image database\image379.pgm">
      <Filter>Resource Files</Filter>
    </None>
    <None Include="Image database\image380.pgm">
      <Filter>Resource Files</Filter>
    </None>
    <None Include="Image database\image381.pgm">
      <Filter>Resource Files</Filter>
    </None>
    <None Include="Image database\image382.pgm">
      <Filter>Resource Files</Filter>
    </None>
    <None Include="Image database\image383.pgm">
      <Filter>Resource Files</Filter>
    </None>
    <None Include="Image database\image384.pgm">
      <Filter>Resource Files</Filter>
    </None>
    <None Include="Image database\image385.pgm">
      <Filter>Resource Files</Filter>
    </None>
    <None Include="Image database\image386.pgm">
      <Filter>Resource Files</Filter>
    </None>
    <None Include="Image database\image387.pgm">
      <Filter>Resource Files</Filter>
    </None>
    <None Include="Image database\image388.pgm">
      <Filter>Resource Files</Filter>
    </None>
    <None Include="Image database\image389.pgm">
      <Filter>Resource Files</Filter>
    </None>
    <None Include="Image database\image390.pgm">
      <Filter>Resource Files</Filter>
    </None>
    <None Include="Image database\image391.pgm">
      <Filter>Resource Files</Filter>
    </None>
    <None Include="Image database\image392.pgm">
      <Filter>Resource Files</Filter>
    </None>
    <None Include="Image database\image393.pgm">
      <Filter>Resource Files</Filter>
    </None>
    <None Include="Image database\image394.pgm">
      <Filter>Resource Files</Filter>
    </None>
    <None Include="Image database\image395.pgm">
      <Filter>Resource Files</Filter>
    </None>
    <None Include="Image database\image396.pgm">
      <Filter>Resource Files</Filter>
    </None>
    <None Include="Image database\image397.pgm">
      <Filter>Resource Files</Filter>
    </None>
    <None Include="Image database\image398.pgm">
      <Filter>Resource Files</Filter>
    </None>
    <None Include="Image database\image399.pgm">
      <Filter>Resource Files</Filter>
    </None>
    <None Include="Image database\image400.pgm">
      <Filter>Resource Files</Filter>
    </None>
    <None Include="Image database\image401.pgm">
      <Filter>Resource Files</Filter>
    </None>
    <None Include="Image database\image402.pgm">
      <Filter>Resource Files</Filter>
    </None>
    <None Include="Image database\image403.pgm">
      <Filter>Resource Files</Filter>
    </None>
    <None Include="Image database\image404.pgm">
      <Filter>Resource Files</Filter>
    </None>
    <None Include="Image database\image405.pgm">
      <Filter>Resource Files</Filter>
    </None>
    <None Include="Image database\image406.pgm">
      <Filter>Resource Files</Filter>
    </None>
    <None Include="Image database\image407.pgm">
      <Filter>Resource Files</Filter>
    </None>
    <None Include="Image database\image408.pgm">
      <Filter>Resource Files</Filter>
    </None>
    <None Include="Image database\image409.pgm">
      <Filter>Resource Files</Filter>
    </None>
    <None Include="Image database\image410.pgm">
      <Filter>Resource Files</Filter>
    </None>
    <None Include="Image database\image411.pgm">
      <Filter>Resource Files</Filter>
    </None>
    <None Include="Image database\image412.pgm">
      <Filter>Resource Files</Filter>
    </None>
    <None Include="Image database\image413.pgm">
      <Filter>Resource Files</Filter>
    </None>
    <None Include="Image database\image414.pgm">
      <Filter>Resource Files</Filter>
    </None>
    <None Include="Image database\image415.pgm">
      <Filter>Resource Files</Filter>
    </None>
    <None Include="Image database\image416.pgm">
      <Filter>Resource Files</Filter>
    </None>
    <None Include="Image database\image417.pgm">
      <Filter>Resource Files</Filter>
    </None>
    <None Include="Image database\image418.pgm">
      <Filter>Resource Files</Filter>
    </None>
    <None Include="Image database\image419.pgm">
      <Filter>Resource Files</Filter>
    </None>
    <None Include="Image database\image420.pgm">
      <Filter>Resource Files</Filter>
    </None>
    <None Include="Image database\image421.pgm">
      <Filter>Resource Files</Filter>
    </None>
    <None Include="Image database\image422.pgm">
      <Filter>Resource Files</Filter>
    </None>
    <None Include="Image database\image423.pgm">
      <Filter>Resource Files</Filter>
    </None>
    <None Include="Image database\image424.pgm">
      <Filter>Resource Files</Filter>
    </None>
    <None Include="Image database\image425.pgm">
      <Filter>Resource Files</Filter>
    </None>
    <None Include="Image database\image426.pgm">
      <Filter>Resource Files</Filter>
    </None>
    <None Include="Image database\image427.pgm">
      <Filter>Resource Files</Filter>
    </None>
    <None Include="Image database\image428.pgm">
      <Filter>Resource Files</Filter>
    </None>
    <None Include="Image database\image429.pgm">
      <Filter>Resource Files</Filter>
    </None>
    <None Include="Image database\image430.pgm">
      <Filter>Resource Files</Filter>
    </None>
    <None Include="Image database\image431.pgm">
      <Filter>Resource Files</Filter>
    </None>
    <None Include="Image database\image432.pgm">
      <Filter>Resource Files</Filter>
    </None>
    <None Include="Image database\image433.pgm">
      <Filter>Resource Files</Filter>
    </None>
    <None Include="Image database\image434.pgm">
      <Filter>Resource Files</Filter>
    </None>
    <None Include="Image database\image435.pgm">
      <Filter>Resource Files</Filter>
    </None>
    <None Include="Image database\image436.pgm">
      <Filter>Resource Files</Filter>
    </None>
    <None Include="Image database\image437.pgm">
      <Filter>Resource Files</Filter>
    </None>
    <None Include="Image database\image438.pgm">
      <Filter>Resource Files</Filter>
    </None>
    <None Include="Image database\image439.pgm">
      <Filter>Resource Files</Filter>
    </None>
    <None Include="Image database\image440.pgm">
      <Filter>Resource Files</Filter>
    </None>
    <None Include="Image database\image441.pgm">
      <Filter>Resource Files</Filter>
    </None>
    <None Include="Image database\image442.pgm">
      <Filter>Resource Files</Filter>
    </None>
    <None Include="Image database\image443.pgm">
      <Filter>Resource Files</Filter>
    </None>
    <None Include="Image database\image444.pgm">
      <Filter>Resource Files</Filter>
    </None>
    <None Include="Image database\image445.pgm">
      <Filter>Resource Files</Filter>
    </None>
    <None Include="Image database\image446.pgm">
      <Filter>Resource Files</Filter>
    </None>
    <None Include="Image database\image447.pgm">
      <Filter>Resource Files</Filter>
    </None>
    <None Include="Image database\image448.pgm">
      <Filter>Resource Files</Filter>
    </None>
    <None Include="Image database\image449.pgm">
      <Filter>Resource Files</Filter>
    </None>
    <None Include="Image database\image450.pgm">
      <Filter>Resource Files</Filter>
    </None>
    <None Include="Image database\image451.pgm">
      <Filter>Resource Files</Filter>
    </None>
    <None Include="Image database\image452.pgm">
      <Filter>Resource Files</Filter>
    </None>
    <None Include="Image database\image453.pgm">
      <Filter>Resource Files</Filter>
    </None>
    <None Include="Image database\image454.pgm">
      <Filter>Resource Files</Filter>
    </None>
    <None Include="Image database\image455.pgm">
      <Filter>Resource Files</Filter>
    </None>
    <None Include="Image database\image456.pgm">
      <Filter>Resource Files</Filter>
    </None>
    <None Include="Image database\image457.pgm">
      <Filter>Resource Files</Filter>
    </None>
    <None Include="Image database\image458.pgm">
      <Filter>Resource Files</Filter>
    </None>
    <None Include="Image database\image459.pgm">
      <Filter>Resource Files</Filter>
    </None>
    <None Include="Image database\image460.pgm">
      <Filter>Resource Files</Filter>
    </None>
    <None Include="Image database\image461.pgm">
      <Filter>Resource Files</Filter>
    </None>
    <None Include="Image database\image462.pgm">
      <Filter>Resource Files</Filter>
    </None>
    <None Include="Image database\image463.pgm">
      <Filter>Resource Files</Filter>
    </None>
    <None Include="Image database\image464.pgm">
      <Filter>Resource Files</Filter>
    </None>
    <None Include="Image database\image465.pgm">
      <Filter>Resource Files</Filter>
    </None>
    <None Include="Image database\image466.pgm">
      <Filter>Resource Files</Filter>
    </None>
    <None Include="Image database\image467.pgm">
      <Filter>Resource Files</Filter>
    </None>
    <None Include="Image database\image468.pgm">
      <Filter>Resource Files</Filter>
    </None>
    <None Include="Image database\image469.pgm">
      <Filter>Resource Files</Filter>
    </None>
    <None Include="Image database\image470.pgm">
      <Filter>Resource Files</Filter>
    </None>
    <None Include="Image database\image471.pgm">
      <Filter>Resource Files</Filter>
    </None>
    <None Include="Image database\image472.pgm">
      <Filter>Resource Files</Filter>
    </None>
    <None Include="Image database\image473.pgm">
      <Filter>Resource Files</Filter>
    </None>
    <None Include="Image database\image474.pgm">
      <Filter>Resource Files</Filter>
    </None>
    <None Include="Image database\image475.pgm">
      <Filter>Resource Files</Filter>
    </None>
    <None Include="Image database\image476.pgm">
      <Filter>Resource Files</Filter>
    </None>
    <None Include="Image database\image477.pgm">
      <Filter>Resource Files</Filter>
    </None>
    <None Include="Image database\image478.pgm">
      <Filter>Resource Files</Filter>
    </None>
    <None Include="Image database\image479.pgm">
      <Filter>Resource Files</Filter>
    </None>
    <None Include="Image database\image480.pgm">
      <Filter>Resource Files</Filter>
    </None>
    <None Include="Image database\image481.pgm">
      <Filter>Resource Files</Filter>
    </None>
    <None Include="Image database\image482.pgm">
      <Filter>Resource Files</Filter>
    </None>
    <None Include="Image database\image483.pgm">
      <Filter>Resource Files</Filter>
    </None>
    <None Include="Image database\image484.pgm">
      <Filter>Resource Files</Filter>
    </None>
    <None Include="Image database\image485.pgm">
      <Filter>Resource Files</Filter>
    </None>
    <None Include="Image database\image486.pgm">
      <Filter>Resource Files</Filter>
    </None>
    <None Include="Image database\image487.pgm">
      <Filter>Resource Files</Filter>
    </None>
    <None Include="Image database\image488.pgm">
      <Filter>Resource Files</Filter>
    </None>
    <None Include="Image database\image489.pgm">
      <Filter>Resource Files</Filter>
    </None>
    <None Include="Image database\image490.pgm">
      <Filter>Resource Files</Filter>
    </None>
    <None Include="Image database\image491.pgm">
      <Filter>Resource Files</Filter>
    </None>
    <None Include="Image database\image492.pgm">
      <Filter>Resource Files</Filter>
    </None>
    <None Include="Image database\image493.pgm">
      <Filter>Resource Files</Filter>
    </None>
    <None Include="Image database\image494.pgm">
      <Filter>Resource Files</Filter>
    </None>
    <None Include="Image database\image495.pgm">
      <Filter>Resource Files</Filter>
    </None>
    <None Include="Image database\image496.pgm">
      <Filter>Resource Files</Filter>
    </None>
    <None Include="Image database\image497.pgm">
      <Filter>Resource Files</Filter>
    </None>
    <None Include="Image database\image498.pgm">
      <Filter>Resource Files</Filter>
    </None>
    <None Include="Image database\image499.pgm">
      <Filter>Resource Files</Filter>
    </None>
    <None Include="Image database\image500.pgm">
      <Filter>Resource Files</Filter>
    </None>
    <None Include="C:\Users\Ibz\Downloads\Butterfly-1.pgm">
      <Filter>Resource Files</Filter>
    </None>
    <None Include="C:\Users\Ibz\Downloads\cattle-9.pgm">
      <Filter>Resource Files</Filter>
    </None>
  </ItemGroup>
</Project>