
Microsoft Visual Studio Solution File, Format Version 12.00
# Visual Studio Version 17
VisualStudioVersion = 17.2.32519.379
MinimumVisualStudioVersion = 10.0.40219.1
Project("{8BC9CEB8-8B4A-11D0-8D11-00A0C91BC942}") = "Lab8", "Lab8.vcxproj", "{4F7BC67D-E9D1-4A3D-A77B-2D900F33C209}"
EndProject
Global
	GlobalSection(SolutionConfigurationPlatforms) = preSolution
		Debug|x64 = Debug|x64
		Debug|x86 = Debug|x86
		Release|x64 = Release|x64
		Release|x86 = Release|x86
	EndGlobalSection
	GlobalSection(ProjectConfigurationPlatforms) = postSolution
		{4F7BC67D-E9D1-4A3D-A77B-2D900F33C209}.Debug|x64.ActiveCfg = Debug|x64
		{4F7BC67D-E9D1-4A3D-A77B-2D900F33C209}.Debug|x64.Build.0 = Debug|x64
		{4F7BC67D-E9D1-4A3D-A77B-2D900F33C209}.Debug|x86.ActiveCfg = Debug|Win32
		{4F7BC67D-E9D1-4A3D-A77B-2D900F33C209}.Debug|x86.Build.0 = Debug|Win32
		{4F7BC67D-E9D1-4A3D-A77B-2D900F33C209}.Release|x64.ActiveCfg = Release|x64
		{4F7BC67D-E9D1-4A3D-A77B-2D900F33C209}.Release|x64.Build.0 = Release|x64
		{4F7BC67D-E9D1-4A3D-A77B-2D900F33C209}.Release|x86.ActiveCfg = Release|Win32
		{4F7BC67D-E9D1-4A3D-A77B-2D900F33C209}.Release|x86.Build.0 = Release|Win32
	EndGlobalSection
	GlobalSection(SolutionProperties) = preSolution
		HideSolutionNode = FALSE
	EndGlobalSection
	GlobalSection(ExtensibilityGlobals) = postSolution
		SolutionGuid = {4AEF9699-2148-4501-8D0A-B46D3B8D835B}
	EndGlobalSection
EndGlobal
